
Microsoft Visual Studio Solution File, Format Version 12.00
# Visual Studio Version 16
VisualStudioVersion = 16.0.31624.102
MinimumVisualStudioVersion = 10.0.40219.1
Project("{8BC9CEB8-8B4A-11D0-8D11-00A0C91BC942}") = "my_tftp_v2", "my_tftp_v2.vcxproj", "{9D59914D-7EE8-41E8-9C18-DF90BC5841F1}"
EndProject
Global
	GlobalSection(SolutionConfigurationPlatforms) = preSolution
		Debug|x64 = Debug|x64
		Debug|x86 = Debug|x86
		Release|x64 = Release|x64
		Release|x86 = Release|x86
	EndGlobalSection
	GlobalSection(ProjectConfigurationPlatforms) = postSolution
		{9D59914D-7EE8-41E8-9C18-DF90BC5841F1}.Debug|x64.ActiveCfg = Debug|x64
		{9D59914D-7EE8-41E8-9C18-DF90BC5841F1}.Debug|x64.Build.0 = Debug|x64
		{9D59914D-7EE8-41E8-9C18-DF90BC5841F1}.Debug|x86.ActiveCfg = Debug|Win32
		{9D59914D-7EE8-41E8-9C18-DF90BC5841F1}.Debug|x86.Build.0 = Debug|Win32
		{9D59914D-7EE8-41E8-9C18-DF90BC5841F1}.Release|x64.ActiveCfg = Release|x64
		{9D59914D-7EE8-41E8-9C18-DF90BC5841F1}.Release|x64.Build.0 = Release|x64
		{9D59914D-7EE8-41E8-9C18-DF90BC5841F1}.Release|x86.ActiveCfg = Release|Win32
		{9D59914D-7EE8-41E8-9C18-DF90BC5841F1}.Release|x86.Build.0 = Release|Win32
	EndGlobalSection
	GlobalSection(SolutionProperties) = preSolution
		HideSolutionNode = FALSE
	EndGlobalSection
	GlobalSection(ExtensibilityGlobals) = postSolution
		SolutionGuid = {6E9AF14A-4523-4E18-8FD2-3744E3A78D14}
	EndGlobalSection
EndGlobal
